
Microsoft Visual Studio Solution File, Format Version 12.00
# Visual Studio Version 16
VisualStudioVersion = 16.0.30611.23
MinimumVisualStudioVersion = 10.0.40219.1
Project("{FAE04EC0-301F-11D3-BF4B-00C04F79EFBC}") = "Server", "Server\Server.csproj", "{87D445C6-E1B6-4F09-99D9-63FA62CCC4E1}"
EndProject
Global
	GlobalSection(SolutionConfigurationPlatforms) = preSolution
		Debug|Any CPU = Debug|Any CPU
		Release|Any CPU = Release|Any CPU
	EndGlobalSection
	GlobalSection(ProjectConfigurationPlatforms) = postSolution
		{87D445C6-E1B6-4F09-99D9-63FA62CCC4E1}.Debug|Any CPU.ActiveCfg = Debug|Any CPU
		{87D445C6-E1B6-4F09-99D9-63FA62CCC4E1}.Debug|Any CPU.Build.0 = Debug|Any CPU
		{87D445C6-E1B6-4F09-99D9-63FA62CCC4E1}.Release|Any CPU.ActiveCfg = Release|Any CPU
		{87D445C6-E1B6-4F09-99D9-63FA62CCC4E1}.Release|Any CPU.Build.0 = Release|Any CPU
	EndGlobalSection
	GlobalSection(SolutionProperties) = preSolution
		HideSolutionNode = FALSE
	EndGlobalSection
	GlobalSection(ExtensibilityGlobals) = postSolution
		SolutionGuid = {6D33AFE4-6DFD-49C9-BE85-AEA36F10BFF1}
	EndGlobalSection
EndGlobal
